// !$*UTF8*$!
{
	archiveVersion = 1;
	classes = {
	};
	objectVersion = 50;
	objects = {

/* Begin PBXBuildFile section */
		A983FA42209F5831005AA1BA /* AppDelegate.swift in Sources */ = {isa = PBXBuildFile; fileRef = A983FA41209F5831005AA1BA /* AppDelegate.swift */; };
		A983FA44209F5831005AA1BA /* ViewController.swift in Sources */ = {isa = PBXBuildFile; fileRef = A983FA43209F5831005AA1BA /* ViewController.swift */; };
		A983FA47209F5831005AA1BA /* Main.storyboard in Resources */ = {isa = PBXBuildFile; fileRef = A983FA45209F5831005AA1BA /* Main.storyboard */; };
		A983FA49209F5835005AA1BA /* Assets.xcassets in Resources */ = {isa = PBXBuildFile; fileRef = A983FA48209F5835005AA1BA /* Assets.xcassets */; };
		A983FA4C209F5835005AA1BA /* LaunchScreen.storyboard in Resources */ = {isa = PBXBuildFile; fileRef = A983FA4A209F5835005AA1BA /* LaunchScreen.storyboard */; };
		A983FA58209F7792005AA1BA /* MemoryMatch.swift in Sources */ = {isa = PBXBuildFile; fileRef = A983FA57209F7792005AA1BA /* MemoryMatch.swift */; };
		A983FA5A209F77A0005AA1BA /* Card.swift in Sources */ = {isa = PBXBuildFile; fileRef = A983FA59209F77A0005AA1BA /* Card.swift */; };
/* End PBXBuildFile section */

/* Begin PBXFileReference section */
		A983FA3E209F5831005AA1BA /* Memory Match.app */ = {isa = PBXFileReference; explicitFileType = wrapper.application; includeInIndex = 0; path = "Memory Match.app"; sourceTree = BUILT_PRODUCTS_DIR; };
		A983FA41209F5831005AA1BA /* AppDelegate.swift */ = {isa = PBXFileReference; lastKnownFileType = sourcecode.swift; path = AppDelegate.swift; sourceTree = "<group>"; };
		A983FA43209F5831005AA1BA /* ViewController.swift */ = {isa = PBXFileReference; lastKnownFileType = sourcecode.swift; path = ViewController.swift; sourceTree = "<group>"; };
		A983FA46209F5831005AA1BA /* Base */ = {isa = PBXFileReference; lastKnownFileType = file.storyboard; name = Base; path = Base.lproj/Main.storyboard; sourceTree = "<group>"; };
		A983FA48209F5835005AA1BA /* Assets.xcassets */ = {isa = PBXFileReference; lastKnownFileType = folder.assetcatalog; path = Assets.xcassets; sourceTree = "<group>"; };
		A983FA4B209F5835005AA1BA /* Base */ = {isa = PBXFileReference; lastKnownFileType = file.storyboard; name = Base; path = Base.lproj/LaunchScreen.storyboard; sourceTree = "<group>"; };
		A983FA4D209F5835005AA1BA /* Info.plist */ = {isa = PBXFileReference; lastKnownFileType = text.plist.xml; path = Info.plist; sourceTree = "<group>"; };
		A983FA57209F7792005AA1BA /* MemoryMatch.swift */ = {isa = PBXFileReference; lastKnownFileType = sourcecode.swift; path = MemoryMatch.swift; sourceTree = "<group>"; };
		A983FA59209F77A0005AA1BA /* Card.swift */ = {isa = PBXFileReference; lastKnownFileType = sourcecode.swift; path = Card.swift; sourceTree = "<group>"; };
/* End PBXFileReference section */

/* Begin PBXFrameworksBuildPhase section */
		A983FA3B209F5831005AA1BA /* Frameworks */ = {
			isa = PBXFrameworksBuildPhase;
			buildActionMask = 2147483647;
			files = (
			);
			runOnlyForDeploymentPostprocessing = 0;
		};
/* End PBXFrameworksBuildPhase section */

/* Begin PBXGroup section */
		A983FA35209F5831005AA1BA = {
			isa = PBXGroup;
			children = (
				A983FA40209F5831005AA1BA /* Memory Match */,
				A983FA3F209F5831005AA1BA /* Products */,
			);
			sourceTree = "<group>";
		};
		A983FA3F209F5831005AA1BA /* Products */ = {
			isa = PBXGroup;
			children = (
				A983FA3E209F5831005AA1BA /* Memory Match.app */,
			);
			name = Products;
			sourceTree = "<group>";
		};
		A983FA40209F5831005AA1BA /* Memory Match */ = {
			isa = PBXGroup;
			children = (
				A983FA54209F5D8A005AA1BA /* Model */,
				A983FA55209F5D91005AA1BA /* View */,
				A983FA56209F5D98005AA1BA /* Controller */,
				A983FA53209F588A005AA1BA /* Supporting Files */,
				A983FA4D209F5835005AA1BA /* Info.plist */,
			);
			path = "Memory Match";
			sourceTree = "<group>";
		};
		A983FA53209F588A005AA1BA /* Supporting Files */ = {
			isa = PBXGroup;
			children = (
				A983FA41209F5831005AA1BA /* AppDelegate.swift */,
				A983FA48209F5835005AA1BA /* Assets.xcassets */,
				A983FA4A209F5835005AA1BA /* LaunchScreen.storyboard */,
			);
			path = "Supporting Files";
			sourceTree = "<group>";
		};
		A983FA54209F5D8A005AA1BA /* Model */ = {
			isa = PBXGroup;
			children = (
				A983FA57209F7792005AA1BA /* MemoryMatch.swift */,
				A983FA59209F77A0005AA1BA /* Card.swift */,
			);
			path = Model;
			sourceTree = "<group>";
		};
		A983FA55209F5D91005AA1BA /* View */ = {
			isa = PBXGroup;
			children = (
				A983FA45209F5831005AA1BA /* Main.storyboard */,
			);
			path = View;
			sourceTree = "<group>";
		};
		A983FA56209F5D98005AA1BA /* Controller */ = {
			isa = PBXGroup;
			children = (
				A983FA43209F5831005AA1BA /* ViewController.swift */,
			);
			path = Controller;
			sourceTree = "<group>";
		};
/* End PBXGroup section */

/* Begin PBXNativeTarget section */
		A983FA3D209F5831005AA1BA /* Memory Match */ = {
			isa = PBXNativeTarget;
			buildConfigurationList = A983FA50209F5835005AA1BA /* Build configuration list for PBXNativeTarget "Memory Match" */;
			buildPhases = (
				A983FA3A209F5831005AA1BA /* Sources */,
				A983FA3B209F5831005AA1BA /* Frameworks */,
				A983FA3C209F5831005AA1BA /* Resources */,
			);
			buildRules = (
			);
			dependencies = (
			);
			name = "Memory Match";
			productName = "Memory Match";
			productReference = A983FA3E209F5831005AA1BA /* Memory Match.app */;
			productType = "com.apple.product-type.application";
		};
/* End PBXNativeTarget section */

/* Begin PBXProject section */
		A983FA36209F5831005AA1BA /* Project object */ = {
			isa = PBXProject;
			attributes = {
				LastSwiftUpdateCheck = 0930;
				LastUpgradeCheck = 0930;
				ORGANIZATIONNAME = "Amanda Ramirez";
				TargetAttributes = {
					A983FA3D209F5831005AA1BA = {
						CreatedOnToolsVersion = 9.3;
					};
				};
			};
			buildConfigurationList = A983FA39209F5831005AA1BA /* Build configuration list for PBXProject "Memory Match" */;
			compatibilityVersion = "Xcode 9.3";
			developmentRegion = en;
			hasScannedForEncodings = 0;
			knownRegions = (
				en,
				Base,
			);
			mainGroup = A983FA35209F5831005AA1BA;
			productRefGroup = A983FA3F209F5831005AA1BA /* Products */;
			projectDirPath = "";
			projectRoot = "";
			targets = (
				A983FA3D209F5831005AA1BA /* Memory Match */,
			);
		};
/* End PBXProject section */

/* Begin PBXResourcesBuildPhase section */
		A983FA3C209F5831005AA1BA /* Resources */ = {
			isa = PBXResourcesBuildPhase;
			buildActionMask = 2147483647;
			files = (
				A983FA4C209F5835005AA1BA /* LaunchScreen.storyboard in Resources */,
				A983FA49209F5835005AA1BA /* Assets.xcassets in Resources */,
				A983FA47209F5831005AA1BA /* Main.storyboard in Resources */,
			);
			runOnlyForDeploymentPostprocessing = 0;
		};
/* End PBXResourcesBuildPhase section */

/* Begin PBXSourcesBuildPhase section */
		A983FA3A209F5831005AA1BA /* Sources */ = {
			isa = PBXSourcesBuildPhase;
			buildActionMask = 2147483647;
			files = (
				A983FA44209F5831005AA1BA /* ViewController.swift in Sources */,
				A983FA42209F5831005AA1BA /* AppDelegate.swift in Sources */,
				A983FA58209F7792005AA1BA /* MemoryMatch.swift in Sources */,
				A983FA5A209F77A0005AA1BA /* Card.swift in Sources */,
			);
			runOnlyForDeploymentPostprocessing = 0;
		};
/* End PBXSourcesBuildPhase section */

/* Begin PBXVariantGroup section */
		A983FA45209F5831005AA1BA /* Main.storyboard */ = {
			isa = PBXVariantGroup;
			children = (
				A983FA46209F5831005AA1BA /* Base */,
			);
			name = Main.storyboard;
			sourceTree = "<group>";
		};
		A983FA4A209F5835005AA1BA /* LaunchScreen.storyboard */ = {
			isa = PBXVariantGroup;
			children = (
				A983FA4B209F5835005AA1BA /* Base */,
			);
			name = LaunchScreen.storyboard;
			sourceTree = "<group>";
		};
/* End PBXVariantGroup section */

/* Begin XCBuildConfiguration section */
		A983FA4E209F5835005AA1BA /* Debug */ = {
			isa = XCBuildConfiguration;
			buildSettings = {
				ALWAYS_SEARCH_USER_PATHS = NO;
				CLANG_ANALYZER_NONNULL = YES;
				CLANG_ANALYZER_NUMBER_OBJECT_CONVERSION = YES_AGGRESSIVE;
				CLANG_CXX_LANGUAGE_STANDARD = "gnu++14";
				CLANG_CXX_LIBRARY = "libc++";
				CLANG_ENABLE_MODULES = YES;
				CLANG_ENABLE_OBJC_ARC = YES;
				CLANG_ENABLE_OBJC_WEAK = YES;
				CLANG_WARN_BLOCK_CAPTURE_AUTORELEASING = YES;
				CLANG_WARN_BOOL_CONVERSION = YES;
				CLANG_WARN_COMMA = YES;
				CLANG_WARN_CONSTANT_CONVERSION = YES;
				CLANG_WARN_DEPRECATED_OBJC_IMPLEMENTATIONS = YES;
				CLANG_WARN_DIRECT_OBJC_ISA_USAGE = YES_ERROR;
				CLANG_WARN_DOCUMENTATION_COMMENTS = YES;
				CLANG_WARN_EMPTY_BODY = YES;
				CLANG_WARN_ENUM_CONVERSION = YES;
				CLANG_WARN_INFINITE_RECURSION = YES;
				CLANG_WARN_INT_CONVERSION = YES;
				CLANG_WARN_NON_LITERAL_NULL_CONVERSION = YES;
				CLANG_WARN_OBJC_IMPLICIT_RETAIN_SELF = YES;
				CLANG_WARN_OBJC_LITERAL_CONVERSION = YES;
				CLANG_WARN_OBJC_ROOT_CLASS = YES_ERROR;
				CLANG_WARN_RANGE_LOOP_ANALYSIS = YES;
				CLANG_WARN_STRICT_PROTOTYPES = YES;
				CLANG_WARN_SUSPICIOUS_MOVE = YES;
				CLANG_WARN_UNGUARDED_AVAILABILITY = YES_AGGRESSIVE;
				CLANG_WARN_UNREACHABLE_CODE = YES;
				CLANG_WARN__DUPLICATE_METHOD_MATCH = YES;
				CODE_SIGN_IDENTITY = "iPhone Developer";
				COPY_PHASE_STRIP = NO;
				DEBUG_INFORMATION_FORMAT = dwarf;
				ENABLE_STRICT_OBJC_MSGSEND = YES;
				ENABLE_TESTABILITY = YES;
				GCC_C_LANGUAGE_STANDARD = gnu11;
				GCC_DYNAMIC_NO_PIC = NO;
				GCC_NO_COMMON_BLOCKS = YES;
				GCC_OPTIMIZATION_LEVEL = 0;
				GCC_PREPROCESSOR_DEFINITIONS = (
					"DEBUG=1",
					"$(inherited)",
				);
				GCC_WARN_64_TO_32_BIT_CONVERSION = YES;
				GCC_WARN_ABOUT_RETURN_TYPE = YES_ERROR;
				GCC_WARN_UNDECLARED_SELECTOR = YES;
				GCC_WARN_UNINITIALIZED_AUTOS = YES_AGGRESSIVE;
				GCC_WARN_UNUSED_FUNCTION = YES;
				GCC_WARN_UNUSED_VARIABLE = YES;
				IPHONEOS_DEPLOYMENT_TARGET = 11.3;
				MTL_ENABLE_DEBUG_INFO = YES;
				ONLY_ACTIVE_ARCH = YES;
				SDKROOT = iphoneos;
				SWIFT_ACTIVE_COMPILATION_CONDITIONS = DEBUG;
				SWIFT_OPTIMIZATION_LEVEL = "-Onone";
			};
			name = Debug;
		};
		A983FA4F209F5835005AA1BA /* Release */ = {
			isa = XCBuildConfiguration;
			buildSettings = {
				ALWAYS_SEARCH_USER_PATHS = NO;
				CLANG_ANALYZER_NONNULL = YES;
				CLANG_ANALYZER_NUMBER_OBJECT_CONVERSION = YES_AGGRESSIVE;
				CLANG_CXX_LANGUAGE_STANDARD = "gnu++14";
				CLANG_CXX_LIBRARY = "libc++";
				CLANG_ENABLE_MODULES = YES;
				CLANG_ENABLE_OBJC_ARC = YES;
				CLANG_ENABLE_OBJC_WEAK = YES;
				CLANG_WARN_BLOCK_CAPTURE_AUTORELEASING = YES;
				CLANG_WARN_BOOL_CONVERSION = YES;
				CLANG_WARN_COMMA = YES;
				CLANG_WARN_CONSTANT_CONVERSION = YES;
				CLANG_WARN_DEPRECATED_OBJC_IMPLEMENTATIONS = YES;
				CLANG_WARN_DIRECT_OBJC_ISA_USAGE = YES_ERROR;
				CLANG_WARN_DOCUMENTATION_COMMENTS = YES;
				CLANG_WARN_EMPTY_BODY = YES;
				CLANG_WARN_ENUM_CONVERSION = YES;
				CLANG_WARN_INFINITE_RECURSION = YES;
				CLANG_WARN_INT_CONVERSION = YES;
				CLANG_WARN_NON_LITERAL_NULL_CONVERSION = YES;
				CLANG_WARN_OBJC_IMPLICIT_RETAIN_SELF = YES;
				CLANG_WARN_OBJC_LITERAL_CONVERSION = YES;
				CLANG_WARN_OBJC_ROOT_CLASS = YES_ERROR;
				CLANG_WARN_RANGE_LOOP_ANALYSIS = YES;
				CLANG_WARN_STRICT_PROTOTYPES = YES;
				CLANG_WARN_SUSPICIOUS_MOVE = YES;
				CLANG_WARN_UNGUARDED_AVAILABILITY = YES_AGGRESSIVE;
				CLANG_WARN_UNREACHABLE_CODE = YES;
				CLANG_WARN__DUPLICATE_METHOD_MATCH = YES;
				CODE_SIGN_IDENTITY = "iPhone Developer";
				COPY_PHASE_STRIP = NO;
				DEBUG_INFORMATION_FORMAT = "dwarf-with-dsym";
				ENABLE_NS_ASSERTIONS = NO;
				ENABLE_STRICT_OBJC_MSGSEND = YES;
				GCC_C_LANGUAGE_STANDARD = gnu11;
				GCC_NO_COMMON_BLOCKS = YES;
				GCC_WARN_64_TO_32_BIT_CONVERSION = YES;
				GCC_WARN_ABOUT_RETURN_TYPE = YES_ERROR;
				GCC_WARN_UNDECLARED_SELECTOR = YES;
				GCC_WARN_UNINITIALIZED_AUTOS = YES_AGGRESSIVE;
				GCC_WARN_UNUSED_FUNCTION = YES;
				GCC_WARN_UNUSED_VARIABLE = YES;
				IPHONEOS_DEPLOYMENT_TARGET = 11.3;
				MTL_ENABLE_DEBUG_INFO = NO;
				SDKROOT = iphoneos;
				SWIFT_COMPILATION_MODE = wholemodule;
				SWIFT_OPTIMIZATION_LEVEL = "-O";
				VALIDATE_PRODUCT = YES;
			};
			name = Release;
		};
		A983FA51209F5835005AA1BA /* Debug */ = {
			isa = XCBuildConfiguration;
			buildSettings = {
				ASSETCATALOG_COMPILER_APPICON_NAME = AppIcon;
				CODE_SIGN_STYLE = Automatic;
				DEVELOPMENT_TEAM = 66GKFL5W33;
				INFOPLIST_FILE = "Memory Match/Info.plist";
				LD_RUNPATH_SEARCH_PATHS = (
					"$(inherited)",
					"@executable_path/Frameworks",
				);
				PRODUCT_BUNDLE_IDENTIFIER = "com.wordpress.ohhsoocutee.Memory-Match";
				PRODUCT_NAME = "$(TARGET_NAME)";
				SWIFT_VERSION = 4.0;
				TARGETED_DEVICE_FAMILY = "1,2";
			};
			name = Debug;
		};
		A983FA52209F5835005AA1BA /* Release */ = {
			isa = XCBuildConfiguration;
			buildSettings = {
				ASSETCATALOG_COMPILER_APPICON_NAME = AppIcon;
				CODE_SIGN_STYLE = Automatic;
				DEVELOPMENT_TEAM = 66GKFL5W33;
				INFOPLIST_FILE = "Memory Match/Info.plist";
				LD_RUNPATH_SEARCH_PATHS = (
					"$(inherited)",
					"@executable_path/Frameworks",
				);
				PRODUCT_BUNDLE_IDENTIFIER = "com.wordpress.ohhsoocutee.Memory-Match";
				PRODUCT_NAME = "$(TARGET_NAME)";
				SWIFT_VERSION = 4.0;
				TARGETED_DEVICE_FAMILY = "1,2";
			};
			name = Release;
		};
/* End XCBuildConfiguration section */

/* Begin XCConfigurationList section */
		A983FA39209F5831005AA1BA /* Build configuration list for PBXProject "Memory Match" */ = {
			isa = XCConfigurationList;
			buildConfigurations = (
				A983FA4E209F5835005AA1BA /* Debug */,
				A983FA4F209F5835005AA1BA /* Release */,
			);
			defaultConfigurationIsVisible = 0;
			defaultConfigurationName = Release;
		};
		A983FA50209F5835005AA1BA /* Build configuration list for PBXNativeTarget "Memory Match" */ = {
			isa = XCConfigurationList;
			buildConfigurations = (
				A983FA51209F5835005AA1BA /* Debug */,
				A983FA52209F5835005AA1BA /* Release */,
			);
			defaultConfigurationIsVisible = 0;
			defaultConfigurationName = Release;
		};
/* End XCConfigurationList section */
	};
	rootObject = A983FA36209F5831005AA1BA /* Project object */;
}
